
Microsoft Visual Studio Solution File, Format Version 12.00
# Visual Studio 15
VisualStudioVersion = 15.0.27428.2005
MinimumVisualStudioVersion = 10.0.40219.1
Project("{FAE04EC0-301F-11D3-BF4B-00C04F79EFBC}") = "hello-github", "hello-github\hello-github.csproj", "{8C80A3AB-02D6-464A-BA5D-353EEC817435}"
EndProject
Global
	GlobalSection(SolutionConfigurationPlatforms) = preSolution
		Debug|Any CPU = Debug|Any CPU
		Release|Any CPU = Release|Any CPU
	EndGlobalSection
	GlobalSection(ProjectConfigurationPlatforms) = postSolution
		{8C80A3AB-02D6-464A-BA5D-353EEC817435}.Debug|Any CPU.ActiveCfg = Debug|Any CPU
		{8C80A3AB-02D6-464A-BA5D-353EEC817435}.Debug|Any CPU.Build.0 = Debug|Any CPU
		{8C80A3AB-02D6-464A-BA5D-353EEC817435}.Release|Any CPU.ActiveCfg = Release|Any CPU
		{8C80A3AB-02D6-464A-BA5D-353EEC817435}.Release|Any CPU.Build.0 = Release|Any CPU
	EndGlobalSection
	GlobalSection(SolutionProperties) = preSolution
		HideSolutionNode = FALSE
	EndGlobalSection
	GlobalSection(ExtensibilityGlobals) = postSolution
		SolutionGuid = {8D9F54D7-1E02-47B8-8CFD-989ABE7A7D47}
	EndGlobalSection
EndGlobal
